{
  "name": "cloud-native-security-inspector",
  "lockfileVersion": 2,
  "requires": true,
  "packages": {
    "": {
      "dependencies": {
        "echarts": "^5.4.0"
      },
      "devDependencies": {
        "@types/echarts": "^4.9.16"
      }
    },
    "node_modules/@types/echarts": {
      "version": "4.9.16",
      "resolved": "https://registry.npmmirror.com/@types/echarts/-/echarts-4.9.16.tgz",
      "integrity": "sha512-bfiagfPw3dWauAIJ9fgoJQoL4hLWlGcltqwbE6LGye0NIY5xnbZau+mDmadCzGojic3MWuFDCUiO25kl4sRGeA==",
      "dev": true,
      "dependencies": {
        "@types/zrender": "*"
      }
    },
    "node_modules/@types/zrender": {
      "version": "4.0.3",
      "resolved": "https://registry.npmmirror.com/@types/zrender/-/zrender-4.0.3.tgz",
      "integrity": "sha512-EPI269lkHNsObwILJ1k1z7znLjKyePuWRy/XKK0shSGpBb9cIX307arcwJV4+2NeZj5wEjN06r4D8yFv7sI06g==",
      "dev": true
    },
    "node_modules/echarts": {
      "version": "5.4.0",
      "resolved": "https://registry.npmmirror.com/echarts/-/echarts-5.4.0.tgz",
      "integrity": "sha512-uPsO9VRUIKAdFOoH3B0aNg7NRVdN7aM39/OjovjO9MwmWsAkfGyeXJhK+dbRi51iDrQWliXV60/XwLA7kg3z0w==",
      "dependencies": {
        "tslib": "2.3.0",
        "zrender": "5.4.0"
      }
    },
    "node_modules/tslib": {
      "version": "2.3.0",
      "resolved": "https://registry.npmmirror.com/tslib/-/tslib-2.3.0.tgz",
      "integrity": "sha512-N82ooyxVNm6h1riLCoyS9e3fuJ3AMG2zIZs2Gd1ATcSFjSA23Q0fzjjZeh0jbJvWVDZ0cJT8yaNNaaXHzueNjg=="
    },
    "node_modules/zrender": {
      "version": "5.4.0",
      "resolved": "https://registry.npmmirror.com/zrender/-/zrender-5.4.0.tgz",
      "integrity": "sha512-rOS09Z2HSVGFs2dn/TuYk5BlCaZcVe8UDLLjj1ySYF828LATKKdxuakSZMvrDz54yiKPDYVfjdKqcX8Jky3BIA==",
      "dependencies": {
        "tslib": "2.3.0"
      }
    }
  },
  "dependencies": {
    "@types/echarts": {
      "version": "4.9.16",
      "resolved": "https://registry.npmmirror.com/@types/echarts/-/echarts-4.9.16.tgz",
      "integrity": "sha512-bfiagfPw3dWauAIJ9fgoJQoL4hLWlGcltqwbE6LGye0NIY5xnbZau+mDmadCzGojic3MWuFDCUiO25kl4sRGeA==",
      "dev": true,
      "requires": {
        "@types/zrender": "*"
      }
    },
    "@types/zrender": {
      "version": "4.0.3",
      "resolved": "https://registry.npmmirror.com/@types/zrender/-/zrender-4.0.3.tgz",
      "integrity": "sha512-EPI269lkHNsObwILJ1k1z7znLjKyePuWRy/XKK0shSGpBb9cIX307arcwJV4+2NeZj5wEjN06r4D8yFv7sI06g==",
      "dev": true
    },
    "echarts": {
      "version": "5.4.0",
      "resolved": "https://registry.npmmirror.com/echarts/-/echarts-5.4.0.tgz",
      "integrity": "sha512-uPsO9VRUIKAdFOoH3B0aNg7NRVdN7aM39/OjovjO9MwmWsAkfGyeXJhK+dbRi51iDrQWliXV60/XwLA7kg3z0w==",
      "requires": {
        "tslib": "2.3.0",
        "zrender": "5.4.0"
      }
    },
    "tslib": {
      "version": "2.3.0",
      "resolved": "https://registry.npmmirror.com/tslib/-/tslib-2.3.0.tgz",
      "integrity": "sha512-N82ooyxVNm6h1riLCoyS9e3fuJ3AMG2zIZs2Gd1ATcSFjSA23Q0fzjjZeh0jbJvWVDZ0cJT8yaNNaaXHzueNjg=="
    },
    "zrender": {
      "version": "5.4.0",
      "resolved": "https://registry.npmmirror.com/zrender/-/zrender-5.4.0.tgz",
      "integrity": "sha512-rOS09Z2HSVGFs2dn/TuYk5BlCaZcVe8UDLLjj1ySYF828LATKKdxuakSZMvrDz54yiKPDYVfjdKqcX8Jky3BIA==",
      "requires": {
        "tslib": "2.3.0"
      }
    }
  }
}
